PODS:
  - FBSnapshotTestCase (2.1.4):
    - FBSnapshotTestCase/SwiftSupport (= 2.1.4)
  - FBSnapshotTestCase/Core (2.1.4)
  - FBSnapshotTestCase/SwiftSupport (2.1.4):
    - FBSnapshotTestCase/Core
  - HTTPSession (0.3.2)

DEPENDENCIES:
  - FBSnapshotTestCase (~> 2.1.4)
  - HTTPSession (from `../`)

SPEC REPOS:
  https://github.com/cocoapods/specs.git:
    - FBSnapshotTestCase

EXTERNAL SOURCES:
  HTTPSession:
    :path: "../"

SPEC CHECKSUMS:
  FBSnapshotTestCase: 094f9f314decbabe373b87cc339bea235a63e07a
  HTTPSession: e092085cd122dc85d443fa7c0901cce118c166cd

PODFILE CHECKSUM: 8c68da1008e6a3afc852958ba38e9d61694f9e2a

COCOAPODS: 1.5.3
